
Microsoft Visual Studio Solution File, Format Version 12.00
# Visual Studio Version 17
VisualStudioVersion = 17.10.35013.160
MinimumVisualStudioVersion = 10.0.40219.1
Project("{FAE04EC0-301F-11D3-BF4B-00C04F79EFBC}") = "ArcadiandUI", "ArcadiandUI\ArcadiandUI.csproj", "{0612BEC9-AFC8-4693-8FD4-015F0363BD9E}"
EndProject
Project("{FAE04EC0-301F-11D3-BF4B-00C04F79EFBC}") = "ArcarianMenu", "ArcarianMenu\ArcarianMenu.csproj", "{2B1D11CF-A13C-4521-ACAA-CEAEBC7912C4}"
EndProject
Global
	GlobalSection(SolutionConfigurationPlatforms) = preSolution
		Debug|Any CPU = Debug|Any CPU
		Debug|ARM64 = Debug|ARM64
		Debug|x64 = Debug|x64
		Debug|x86 = Debug|x86
		Release|Any CPU = Release|Any CPU
		Release|ARM64 = Release|ARM64
		Release|x64 = Release|x64
		Release|x86 = Release|x86
	EndGlobalSection
	GlobalSection(ProjectConfigurationPlatforms) = postSolution
		{0612BEC9-AFC8-4693-8FD4-015F0363BD9E}.Debug|Any CPU.ActiveCfg = Debug|Any CPU
		{0612BEC9-AFC8-4693-8FD4-015F0363BD9E}.Debug|Any CPU.Build.0 = Debug|Any CPU
		{0612BEC9-AFC8-4693-8FD4-015F0363BD9E}.Debug|ARM64.ActiveCfg = Debug|ARM64
		{0612BEC9-AFC8-4693-8FD4-015F0363BD9E}.Debug|ARM64.Build.0 = Debug|ARM64
		{0612BEC9-AFC8-4693-8FD4-015F0363BD9E}.Debug|x64.ActiveCfg = Debug|x64
		{0612BEC9-AFC8-4693-8FD4-015F0363BD9E}.Debug|x64.Build.0 = Debug|x64
		{0612BEC9-AFC8-4693-8FD4-015F0363BD9E}.Debug|x86.ActiveCfg = Debug|x86
		{0612BEC9-AFC8-4693-8FD4-015F0363BD9E}.Debug|x86.Build.0 = Debug|x86
		{0612BEC9-AFC8-4693-8FD4-015F0363BD9E}.Release|Any CPU.ActiveCfg = Release|Any CPU
		{0612BEC9-AFC8-4693-8FD4-015F0363BD9E}.Release|Any CPU.Build.0 = Release|Any CPU
		{0612BEC9-AFC8-4693-8FD4-015F0363BD9E}.Release|ARM64.ActiveCfg = Release|ARM64
		{0612BEC9-AFC8-4693-8FD4-015F0363BD9E}.Release|ARM64.Build.0 = Release|ARM64
		{0612BEC9-AFC8-4693-8FD4-015F0363BD9E}.Release|x64.ActiveCfg = Release|x64
		{0612BEC9-AFC8-4693-8FD4-015F0363BD9E}.Release|x64.Build.0 = Release|x64
		{0612BEC9-AFC8-4693-8FD4-015F0363BD9E}.Release|x86.ActiveCfg = Release|x86
		{0612BEC9-AFC8-4693-8FD4-015F0363BD9E}.Release|x86.Build.0 = Release|x86
		{2B1D11CF-A13C-4521-ACAA-CEAEBC7912C4}.Debug|Any CPU.ActiveCfg = Debug|Any CPU
		{2B1D11CF-A13C-4521-ACAA-CEAEBC7912C4}.Debug|Any CPU.Build.0 = Debug|Any CPU
		{2B1D11CF-A13C-4521-ACAA-CEAEBC7912C4}.Debug|ARM64.ActiveCfg = Debug|Any CPU
		{2B1D11CF-A13C-4521-ACAA-CEAEBC7912C4}.Debug|ARM64.Build.0 = Debug|Any CPU
		{2B1D11CF-A13C-4521-ACAA-CEAEBC7912C4}.Debug|x64.ActiveCfg = Debug|Any CPU
		{2B1D11CF-A13C-4521-ACAA-CEAEBC7912C4}.Debug|x64.Build.0 = Debug|Any CPU
		{2B1D11CF-A13C-4521-ACAA-CEAEBC7912C4}.Debug|x86.ActiveCfg = Debug|Any CPU
		{2B1D11CF-A13C-4521-ACAA-CEAEBC7912C4}.Debug|x86.Build.0 = Debug|Any CPU
		{2B1D11CF-A13C-4521-ACAA-CEAEBC7912C4}.Release|Any CPU.ActiveCfg = Release|Any CPU
		{2B1D11CF-A13C-4521-ACAA-CEAEBC7912C4}.Release|Any CPU.Build.0 = Release|Any CPU
		{2B1D11CF-A13C-4521-ACAA-CEAEBC7912C4}.Release|ARM64.ActiveCfg = Release|Any CPU
		{2B1D11CF-A13C-4521-ACAA-CEAEBC7912C4}.Release|ARM64.Build.0 = Release|Any CPU
		{2B1D11CF-A13C-4521-ACAA-CEAEBC7912C4}.Release|x64.ActiveCfg = Release|Any CPU
		{2B1D11CF-A13C-4521-ACAA-CEAEBC7912C4}.Release|x64.Build.0 = Release|Any CPU
		{2B1D11CF-A13C-4521-ACAA-CEAEBC7912C4}.Release|x86.ActiveCfg = Release|Any CPU
		{2B1D11CF-A13C-4521-ACAA-CEAEBC7912C4}.Release|x86.Build.0 = Release|Any CPU
	EndGlobalSection
	GlobalSection(SolutionProperties) = preSolution
		HideSolutionNode = FALSE
	EndGlobalSection
	GlobalSection(ExtensibilityGlobals) = postSolution
		SolutionGuid = {7052498D-046C-4F14-9C35-59A11969C80E}
	EndGlobalSection
EndGlobal
